
Microsoft Visual Studio Solution File, Format Version 12.00
# Visual Studio Version 17
VisualStudioVersion = 17.3.32929.385
MinimumVisualStudioVersion = 10.0.40219.1
Project("{FAE04EC0-301F-11D3-BF4B-00C04F79EFBC}") = "Task_5_Forms_PM01_N2", "Task_5_Forms_PM01_N2\Task_5_Forms_PM01_N2.csproj", "{898A530C-1638-4B74-8A61-1A417E0AFF3B}"
EndProject
Global
	GlobalSection(SolutionConfigurationPlatforms) = preSolution
		Debug|Any CPU = Debug|Any CPU
		Release|Any CPU = Release|Any CPU
	EndGlobalSection
	GlobalSection(ProjectConfigurationPlatforms) = postSolution
		{898A530C-1638-4B74-8A61-1A417E0AFF3B}.Debug|Any CPU.ActiveCfg = Debug|Any CPU
		{898A530C-1638-4B74-8A61-1A417E0AFF3B}.Debug|Any CPU.Build.0 = Debug|Any CPU
		{898A530C-1638-4B74-8A61-1A417E0AFF3B}.Release|Any CPU.ActiveCfg = Release|Any CPU
		{898A530C-1638-4B74-8A61-1A417E0AFF3B}.Release|Any CPU.Build.0 = Release|Any CPU
	EndGlobalSection
	GlobalSection(SolutionProperties) = preSolution
		HideSolutionNode = FALSE
	EndGlobalSection
	GlobalSection(ExtensibilityGlobals) = postSolution
		SolutionGuid = {7B6169C7-96F7-4F20-901F-2FF315793E33}
	EndGlobalSection
EndGlobal
